
Microsoft Visual Studio Solution File, Format Version 12.00
# Visual Studio Version 16
VisualStudioVersion = 16.0.30320.27
MinimumVisualStudioVersion = 10.0.40219.1
Project("{9A19103F-16F7-4668-BE54-9A1E7A4F7556}") = "Spudder", "Spudder\Spudder.csproj", "{5FAEC360-9E05-4971-853F-8465438BABB3}"
EndProject
Project("{9A19103F-16F7-4668-BE54-9A1E7A4F7556}") = "SpookVooper.Api", "..\SpookVooper.Api\SpookVooper.Api\SpookVooper.Api.csproj", "{9B3DE98B-00E1-482A-B320-91BFF076A29C}"
EndProject
Global
	GlobalSection(SolutionConfigurationPlatforms) = preSolution
		Debug|Any CPU = Debug|Any CPU
		Release|Any CPU = Release|Any CPU
	EndGlobalSection
	GlobalSection(ProjectConfigurationPlatforms) = postSolution
		{5FAEC360-9E05-4971-853F-8465438BABB3}.Debug|Any CPU.ActiveCfg = Debug|Any CPU
		{5FAEC360-9E05-4971-853F-8465438BABB3}.Debug|Any CPU.Build.0 = Debug|Any CPU
		{5FAEC360-9E05-4971-853F-8465438BABB3}.Release|Any CPU.ActiveCfg = Release|Any CPU
		{5FAEC360-9E05-4971-853F-8465438BABB3}.Release|Any CPU.Build.0 = Release|Any CPU
		{9B3DE98B-00E1-482A-B320-91BFF076A29C}.Debug|Any CPU.ActiveCfg = Debug|Any CPU
		{9B3DE98B-00E1-482A-B320-91BFF076A29C}.Debug|Any CPU.Build.0 = Debug|Any CPU
		{9B3DE98B-00E1-482A-B320-91BFF076A29C}.Release|Any CPU.ActiveCfg = Release|Any CPU
		{9B3DE98B-00E1-482A-B320-91BFF076A29C}.Release|Any CPU.Build.0 = Release|Any CPU
	EndGlobalSection
	GlobalSection(SolutionProperties) = preSolution
		HideSolutionNode = FALSE
	EndGlobalSection
	GlobalSection(ExtensibilityGlobals) = postSolution
		SolutionGuid = {AFE32E4F-3F0E-43DF-B84D-9F04C2063A3B}
	EndGlobalSection
EndGlobal
